
Microsoft Visual Studio Solution File, Format Version 12.00
# Visual Studio Version 16
VisualStudioVersion = 16.0.30011.22
MinimumVisualStudioVersion = 10.0.40219.1
Project("{FAE04EC0-301F-11D3-BF4B-00C04F79EFBC}") = "ScriptureJournal", "ScriptureJournal.csproj", "{F417ECB1-074E-4C86-85F4-75F50045A314}"
EndProject
Global
	GlobalSection(SolutionConfigurationPlatforms) = preSolution
		Debug|Any CPU = Debug|Any CPU
		Release|Any CPU = Release|Any CPU
	EndGlobalSection
	GlobalSection(ProjectConfigurationPlatforms) = postSolution
		{F417ECB1-074E-4C86-85F4-75F50045A314}.Debug|Any CPU.ActiveCfg = Debug|Any CPU
		{F417ECB1-074E-4C86-85F4-75F50045A314}.Debug|Any CPU.Build.0 = Debug|Any CPU
		{F417ECB1-074E-4C86-85F4-75F50045A314}.Release|Any CPU.ActiveCfg = Release|Any CPU
		{F417ECB1-074E-4C86-85F4-75F50045A314}.Release|Any CPU.Build.0 = Release|Any CPU
	EndGlobalSection
	GlobalSection(SolutionProperties) = preSolution
		HideSolutionNode = FALSE
	EndGlobalSection
	GlobalSection(ExtensibilityGlobals) = postSolution
		SolutionGuid = {1C84FEA3-CFA5-4B2D-889E-948EEB16C680}
	EndGlobalSection
EndGlobal
